// !$*UTF8*$!
{
	archiveVersion = 1;
	classes = {
	};
	objectVersion = 50;
	objects = {

/* Begin PBXBuildFile section */
		54C66E1521CA2E240061CC64 /* AppDelegate.swift in Sources */ = {isa = PBXBuildFile; fileRef = 54C66E1421CA2E240061CC64 /* AppDelegate.swift */; };
		54C66E1A21CA2E240061CC64 /* Main.storyboard in Resources */ = {isa = PBXBuildFile; fileRef = 54C66E1821CA2E240061CC64 /* Main.storyboard */; };
		54C66E1C21CA2E250061CC64 /* Assets.xcassets in Resources */ = {isa = PBXBuildFile; fileRef = 54C66E1B21CA2E250061CC64 /* Assets.xcassets */; };
		54C66E1F21CA2E250061CC64 /* LaunchScreen.storyboard in Resources */ = {isa = PBXBuildFile; fileRef = 54C66E1D21CA2E250061CC64 /* LaunchScreen.storyboard */; };
		54C66E2A21CA2F120061CC64 /* WeatherTableViewController.swift in Sources */ = {isa = PBXBuildFile; fileRef = 54C66E2921CA2F120061CC64 /* WeatherTableViewController.swift */; };
		54C66E2D21CA39BC0061CC64 /* Weather.swift in Sources */ = {isa = PBXBuildFile; fileRef = 54C66E2C21CA39BC0061CC64 /* Weather.swift */; };
		54C66E2F21CA41000061CC64 /* APIClient.swift in Sources */ = {isa = PBXBuildFile; fileRef = 54C66E2E21CA41000061CC64 /* APIClient.swift */; };
		54C66E3121CB52370061CC64 /* Endpoint.swift in Sources */ = {isa = PBXBuildFile; fileRef = 54C66E3021CB52370061CC64 /* Endpoint.swift */; };
		54C66E3321CB54300061CC64 /* WeatherAPIClient.swift in Sources */ = {isa = PBXBuildFile; fileRef = 54C66E3221CB54300061CC64 /* WeatherAPIClient.swift */; };
		54C66E3521CB6CBF0061CC64 /* WeatherCellViewModel.swift in Sources */ = {isa = PBXBuildFile; fileRef = 54C66E3421CB6CBF0061CC64 /* WeatherCellViewModel.swift */; };
/* End PBXBuildFile section */

/* Begin PBXFileReference section */
		54C66E1121CA2E240061CC64 /* WeatherApp.app */ = {isa = PBXFileReference; explicitFileType = wrapper.application; includeInIndex = 0; path = WeatherApp.app; sourceTree = BUILT_PRODUCTS_DIR; };
		54C66E1421CA2E240061CC64 /* AppDelegate.swift */ = {isa = PBXFileReference; lastKnownFileType = sourcecode.swift; path = AppDelegate.swift; sourceTree = "<group>"; };
		54C66E1921CA2E240061CC64 /* Base */ = {isa = PBXFileReference; lastKnownFileType = file.storyboard; name = Base; path = Base.lproj/Main.storyboard; sourceTree = "<group>"; };
		54C66E1B21CA2E250061CC64 /* Assets.xcassets */ = {isa = PBXFileReference; lastKnownFileType = folder.assetcatalog; path = Assets.xcassets; sourceTree = "<group>"; };
		54C66E1E21CA2E250061CC64 /* Base */ = {isa = PBXFileReference; lastKnownFileType = file.storyboard; name = Base; path = Base.lproj/LaunchScreen.storyboard; sourceTree = "<group>"; };
		54C66E2021CA2E250061CC64 /* Info.plist */ = {isa = PBXFileReference; lastKnownFileType = text.plist.xml; path = Info.plist; sourceTree = "<group>"; };
		54C66E2921CA2F120061CC64 /* WeatherTableViewController.swift */ = {isa = PBXFileReference; lastKnownFileType = sourcecode.swift; path = WeatherTableViewController.swift; sourceTree = "<group>"; };
		54C66E2C21CA39BC0061CC64 /* Weather.swift */ = {isa = PBXFileReference; lastKnownFileType = sourcecode.swift; path = Weather.swift; sourceTree = "<group>"; };
		54C66E2E21CA41000061CC64 /* APIClient.swift */ = {isa = PBXFileReference; lastKnownFileType = sourcecode.swift; path = APIClient.swift; sourceTree = "<group>"; };
		54C66E3021CB52370061CC64 /* Endpoint.swift */ = {isa = PBXFileReference; lastKnownFileType = sourcecode.swift; path = Endpoint.swift; sourceTree = "<group>"; };
		54C66E3221CB54300061CC64 /* WeatherAPIClient.swift */ = {isa = PBXFileReference; lastKnownFileType = sourcecode.swift; path = WeatherAPIClient.swift; sourceTree = "<group>"; };
		54C66E3421CB6CBF0061CC64 /* WeatherCellViewModel.swift */ = {isa = PBXFileReference; lastKnownFileType = sourcecode.swift; path = WeatherCellViewModel.swift; sourceTree = "<group>"; };
/* End PBXFileReference section */

/* Begin PBXFrameworksBuildPhase section */
		54C66E0E21CA2E240061CC64 /* Frameworks */ = {
			isa = PBXFrameworksBuildPhase;
			buildActionMask = 2147483647;
			files = (
			);
			runOnlyForDeploymentPostprocessing = 0;
		};
/* End PBXFrameworksBuildPhase section */

/* Begin PBXGroup section */
		54C66E0821CA2E240061CC64 = {
			isa = PBXGroup;
			children = (
				54C66E1321CA2E240061CC64 /* WeatherApp */,
				54C66E1221CA2E240061CC64 /* Products */,
			);
			sourceTree = "<group>";
		};
		54C66E1221CA2E240061CC64 /* Products */ = {
			isa = PBXGroup;
			children = (
				54C66E1121CA2E240061CC64 /* WeatherApp.app */,
			);
			name = Products;
			sourceTree = "<group>";
		};
		54C66E1321CA2E240061CC64 /* WeatherApp */ = {
			isa = PBXGroup;
			children = (
				54C66E2B21CA39AB0061CC64 /* API */,
				54C66E2721CA2ED70061CC64 /* ViewControllers */,
				54C66E2621CA2EC70061CC64 /* Models */,
				54C66E1421CA2E240061CC64 /* AppDelegate.swift */,
				54C66E1821CA2E240061CC64 /* Main.storyboard */,
				54C66E1B21CA2E250061CC64 /* Assets.xcassets */,
				54C66E1D21CA2E250061CC64 /* LaunchScreen.storyboard */,
				54C66E2021CA2E250061CC64 /* Info.plist */,
			);
			path = WeatherApp;
			sourceTree = "<group>";
		};
		54C66E2621CA2EC70061CC64 /* Models */ = {
			isa = PBXGroup;
			children = (
				54C66E3421CB6CBF0061CC64 /* WeatherCellViewModel.swift */,
			);
			path = Models;
			sourceTree = "<group>";
		};
		54C66E2721CA2ED70061CC64 /* ViewControllers */ = {
			isa = PBXGroup;
			children = (
				54C66E2921CA2F120061CC64 /* WeatherTableViewController.swift */,
			);
			path = ViewControllers;
			sourceTree = "<group>";
		};
		54C66E2B21CA39AB0061CC64 /* API */ = {
			isa = PBXGroup;
			children = (
				54C66E2C21CA39BC0061CC64 /* Weather.swift */,
				54C66E2E21CA41000061CC64 /* APIClient.swift */,
				54C66E3021CB52370061CC64 /* Endpoint.swift */,
				54C66E3221CB54300061CC64 /* WeatherAPIClient.swift */,
			);
			path = API;
			sourceTree = "<group>";
		};
/* End PBXGroup section */

/* Begin PBXNativeTarget section */
		54C66E1021CA2E240061CC64 /* WeatherApp */ = {
			isa = PBXNativeTarget;
			buildConfigurationList = 54C66E2321CA2E250061CC64 /* Build configuration list for PBXNativeTarget "WeatherApp" */;
			buildPhases = (
				54C66E0D21CA2E240061CC64 /* Sources */,
				54C66E0E21CA2E240061CC64 /* Frameworks */,
				54C66E0F21CA2E240061CC64 /* Resources */,
			);
			buildRules = (
			);
			dependencies = (
			);
			name = WeatherApp;
			productName = WeatherApp;
			productReference = 54C66E1121CA2E240061CC64 /* WeatherApp.app */;
			productType = "com.apple.product-type.application";
		};
/* End PBXNativeTarget section */

/* Begin PBXProject section */
		54C66E0921CA2E240061CC64 /* Project object */ = {
			isa = PBXProject;
			attributes = {
				LastSwiftUpdateCheck = 1010;
				LastUpgradeCheck = 1010;
				ORGANIZATIONNAME = "David D";
				TargetAttributes = {
					54C66E1021CA2E240061CC64 = {
						CreatedOnToolsVersion = 10.1;
					};
				};
			};
			buildConfigurationList = 54C66E0C21CA2E240061CC64 /* Build configuration list for PBXProject "WeatherApp" */;
			compatibilityVersion = "Xcode 9.3";
			developmentRegion = en;
			hasScannedForEncodings = 0;
			knownRegions = (
				en,
				Base,
			);
			mainGroup = 54C66E0821CA2E240061CC64;
			productRefGroup = 54C66E1221CA2E240061CC64 /* Products */;
			projectDirPath = "";
			projectRoot = "";
			targets = (
				54C66E1021CA2E240061CC64 /* WeatherApp */,
			);
		};
/* End PBXProject section */

/* Begin PBXResourcesBuildPhase section */
		54C66E0F21CA2E240061CC64 /* Resources */ = {
			isa = PBXResourcesBuildPhase;
			buildActionMask = 2147483647;
			files = (
				54C66E1F21CA2E250061CC64 /* LaunchScreen.storyboard in Resources */,
				54C66E1C21CA2E250061CC64 /* Assets.xcassets in Resources */,
				54C66E1A21CA2E240061CC64 /* Main.storyboard in Resources */,
			);
			runOnlyForDeploymentPostprocessing = 0;
		};
/* End PBXResourcesBuildPhase section */

/* Begin PBXSourcesBuildPhase section */
		54C66E0D21CA2E240061CC64 /* Sources */ = {
			isa = PBXSourcesBuildPhase;
			buildActionMask = 2147483647;
			files = (
				54C66E3321CB54300061CC64 /* WeatherAPIClient.swift in Sources */,
				54C66E2A21CA2F120061CC64 /* WeatherTableViewController.swift in Sources */,
				54C66E2D21CA39BC0061CC64 /* Weather.swift in Sources */,
				54C66E1521CA2E240061CC64 /* AppDelegate.swift in Sources */,
				54C66E3521CB6CBF0061CC64 /* WeatherCellViewModel.swift in Sources */,
				54C66E2F21CA41000061CC64 /* APIClient.swift in Sources */,
				54C66E3121CB52370061CC64 /* Endpoint.swift in Sources */,
			);
			runOnlyForDeploymentPostprocessing = 0;
		};
/* End PBXSourcesBuildPhase section */

/* Begin PBXVariantGroup section */
		54C66E1821CA2E240061CC64 /* Main.storyboard */ = {
			isa = PBXVariantGroup;
			children = (
				54C66E1921CA2E240061CC64 /* Base */,
			);
			name = Main.storyboard;
			sourceTree = "<group>";
		};
		54C66E1D21CA2E250061CC64 /* LaunchScreen.storyboard */ = {
			isa = PBXVariantGroup;
			children = (
				54C66E1E21CA2E250061CC64 /* Base */,
			);
			name = LaunchScreen.storyboard;
			sourceTree = "<group>";
		};
/* End PBXVariantGroup section */

/* Begin XCBuildConfiguration section */
		54C66E2121CA2E250061CC64 /* Debug */ = {
			isa = XCBuildConfiguration;
			buildSettings = {
				ALWAYS_SEARCH_USER_PATHS = NO;
				CLANG_ANALYZER_NONNULL = YES;
				CLANG_ANALYZER_NUMBER_OBJECT_CONVERSION = YES_AGGRESSIVE;
				CLANG_CXX_LANGUAGE_STANDARD = "gnu++14";
				CLANG_CXX_LIBRARY = "libc++";
				CLANG_ENABLE_MODULES = YES;
				CLANG_ENABLE_OBJC_ARC = YES;
				CLANG_ENABLE_OBJC_WEAK = YES;
				CLANG_WARN_BLOCK_CAPTURE_AUTORELEASING = YES;
				CLANG_WARN_BOOL_CONVERSION = YES;
				CLANG_WARN_COMMA = YES;
				CLANG_WARN_CONSTANT_CONVERSION = YES;
				CLANG_WARN_DEPRECATED_OBJC_IMPLEMENTATIONS = YES;
				CLANG_WARN_DIRECT_OBJC_ISA_USAGE = YES_ERROR;
				CLANG_WARN_DOCUMENTATION_COMMENTS = YES;
				CLANG_WARN_EMPTY_BODY = YES;
				CLANG_WARN_ENUM_CONVERSION = YES;
				CLANG_WARN_INFINITE_RECURSION = YES;
				CLANG_WARN_INT_CONVERSION = YES;
				CLANG_WARN_NON_LITERAL_NULL_CONVERSION = YES;
				CLANG_WARN_OBJC_IMPLICIT_RETAIN_SELF = YES;
				CLANG_WARN_OBJC_LITERAL_CONVERSION = YES;
				CLANG_WARN_OBJC_ROOT_CLASS = YES_ERROR;
				CLANG_WARN_RANGE_LOOP_ANALYSIS = YES;
				CLANG_WARN_STRICT_PROTOTYPES = YES;
				CLANG_WARN_SUSPICIOUS_MOVE = YES;
				CLANG_WARN_UNGUARDED_AVAILABILITY = YES_AGGRESSIVE;
				CLANG_WARN_UNREACHABLE_CODE = YES;
				CLANG_WARN__DUPLICATE_METHOD_MATCH = YES;
				CODE_SIGN_IDENTITY = "iPhone Developer";
				COPY_PHASE_STRIP = NO;
				DEBUG_INFORMATION_FORMAT = dwarf;
				ENABLE_STRICT_OBJC_MSGSEND = YES;
				ENABLE_TESTABILITY = YES;
				GCC_C_LANGUAGE_STANDARD = gnu11;
				GCC_DYNAMIC_NO_PIC = NO;
				GCC_NO_COMMON_BLOCKS = YES;
				GCC_OPTIMIZATION_LEVEL = 0;
				GCC_PREPROCESSOR_DEFINITIONS = (
					"DEBUG=1",
					"$(inherited)",
				);
				GCC_WARN_64_TO_32_BIT_CONVERSION = YES;
				GCC_WARN_ABOUT_RETURN_TYPE = YES_ERROR;
				GCC_WARN_UNDECLARED_SELECTOR = YES;
				GCC_WARN_UNINITIALIZED_AUTOS = YES_AGGRESSIVE;
				GCC_WARN_UNUSED_FUNCTION = YES;
				GCC_WARN_UNUSED_VARIABLE = YES;
				IPHONEOS_DEPLOYMENT_TARGET = 12.1;
				MTL_ENABLE_DEBUG_INFO = INCLUDE_SOURCE;
				MTL_FAST_MATH = YES;
				ONLY_ACTIVE_ARCH = YES;
				SDKROOT = iphoneos;
				SWIFT_ACTIVE_COMPILATION_CONDITIONS = DEBUG;
				SWIFT_OPTIMIZATION_LEVEL = "-Onone";
			};
			name = Debug;
		};
		54C66E2221CA2E250061CC64 /* Release */ = {
			isa = XCBuildConfiguration;
			buildSettings = {
				ALWAYS_SEARCH_USER_PATHS = NO;
				CLANG_ANALYZER_NONNULL = YES;
				CLANG_ANALYZER_NUMBER_OBJECT_CONVERSION = YES_AGGRESSIVE;
				CLANG_CXX_LANGUAGE_STANDARD = "gnu++14";
				CLANG_CXX_LIBRARY = "libc++";
				CLANG_ENABLE_MODULES = YES;
				CLANG_ENABLE_OBJC_ARC = YES;
				CLANG_ENABLE_OBJC_WEAK = YES;
				CLANG_WARN_BLOCK_CAPTURE_AUTORELEASING = YES;
				CLANG_WARN_BOOL_CONVERSION = YES;
				CLANG_WARN_COMMA = YES;
				CLANG_WARN_CONSTANT_CONVERSION = YES;
				CLANG_WARN_DEPRECATED_OBJC_IMPLEMENTATIONS = YES;
				CLANG_WARN_DIRECT_OBJC_ISA_USAGE = YES_ERROR;
				CLANG_WARN_DOCUMENTATION_COMMENTS = YES;
				CLANG_WARN_EMPTY_BODY = YES;
				CLANG_WARN_ENUM_CONVERSION = YES;
				CLANG_WARN_INFINITE_RECURSION = YES;
				CLANG_WARN_INT_CONVERSION = YES;
				CLANG_WARN_NON_LITERAL_NULL_CONVERSION = YES;
				CLANG_WARN_OBJC_IMPLICIT_RETAIN_SELF = YES;
				CLANG_WARN_OBJC_LITERAL_CONVERSION = YES;
				CLANG_WARN_OBJC_ROOT_CLASS = YES_ERROR;
				CLANG_WARN_RANGE_LOOP_ANALYSIS = YES;
				CLANG_WARN_STRICT_PROTOTYPES = YES;
				CLANG_WARN_SUSPICIOUS_MOVE = YES;
				CLANG_WARN_UNGUARDED_AVAILABILITY = YES_AGGRESSIVE;
				CLANG_WARN_UNREACHABLE_CODE = YES;
				CLANG_WARN__DUPLICATE_METHOD_MATCH = YES;
				CODE_SIGN_IDENTITY = "iPhone Developer";
				COPY_PHASE_STRIP = NO;
				DEBUG_INFORMATION_FORMAT = "dwarf-with-dsym";
				ENABLE_NS_ASSERTIONS = NO;
				ENABLE_STRICT_OBJC_MSGSEND = YES;
				GCC_C_LANGUAGE_STANDARD = gnu11;
				GCC_NO_COMMON_BLOCKS = YES;
				GCC_WARN_64_TO_32_BIT_CONVERSION = YES;
				GCC_WARN_ABOUT_RETURN_TYPE = YES_ERROR;
				GCC_WARN_UNDECLARED_SELECTOR = YES;
				GCC_WARN_UNINITIALIZED_AUTOS = YES_AGGRESSIVE;
				GCC_WARN_UNUSED_FUNCTION = YES;
				GCC_WARN_UNUSED_VARIABLE = YES;
				IPHONEOS_DEPLOYMENT_TARGET = 12.1;
				MTL_ENABLE_DEBUG_INFO = NO;
				MTL_FAST_MATH = YES;
				SDKROOT = iphoneos;
				SWIFT_COMPILATION_MODE = wholemodule;
				SWIFT_OPTIMIZATION_LEVEL = "-O";
				VALIDATE_PRODUCT = YES;
			};
			name = Release;
		};
		54C66E2421CA2E250061CC64 /* Debug */ = {
			isa = XCBuildConfiguration;
			buildSettings = {
				ASSETCATALOG_COMPILER_APPICON_NAME = AppIcon;
				CODE_SIGN_STYLE = Automatic;
				INFOPLIST_FILE = WeatherApp/Info.plist;
				LD_RUNPATH_SEARCH_PATHS = (
					"$(inherited)",
					"@executable_path/Frameworks",
				);
				PRODUCT_BUNDLE_IDENTIFIER = com.dmdinh.WeatherApp;
				PRODUCT_NAME = "$(TARGET_NAME)";
				SWIFT_VERSION = 4.2;
				TARGETED_DEVICE_FAMILY = "1,2";
			};
			name = Debug;
		};
		54C66E2521CA2E250061CC64 /* Release */ = {
			isa = XCBuildConfiguration;
			buildSettings = {
				ASSETCATALOG_COMPILER_APPICON_NAME = AppIcon;
				CODE_SIGN_STYLE = Automatic;
				INFOPLIST_FILE = WeatherApp/Info.plist;
				LD_RUNPATH_SEARCH_PATHS = (
					"$(inherited)",
					"@executable_path/Frameworks",
				);
				PRODUCT_BUNDLE_IDENTIFIER = com.dmdinh.WeatherApp;
				PRODUCT_NAME = "$(TARGET_NAME)";
				SWIFT_VERSION = 4.2;
				TARGETED_DEVICE_FAMILY = "1,2";
			};
			name = Release;
		};
/* End XCBuildConfiguration section */

/* Begin XCConfigurationList section */
		54C66E0C21CA2E240061CC64 /* Build configuration list for PBXProject "WeatherApp" */ = {
			isa = XCConfigurationList;
			buildConfigurations = (
				54C66E2121CA2E250061CC64 /* Debug */,
				54C66E2221CA2E250061CC64 /* Release */,
			);
			defaultConfigurationIsVisible = 0;
			defaultConfigurationName = Release;
		};
		54C66E2321CA2E250061CC64 /* Build configuration list for PBXNativeTarget "WeatherApp" */ = {
			isa = XCConfigurationList;
			buildConfigurations = (
				54C66E2421CA2E250061CC64 /* Debug */,
				54C66E2521CA2E250061CC64 /* Release */,
			);
			defaultConfigurationIsVisible = 0;
			defaultConfigurationName = Release;
		};
/* End XCConfigurationList section */
	};
	rootObject = 54C66E0921CA2E240061CC64 /* Project object */;
}
